
Microsoft Visual Studio Solution File, Format Version 12.00
# Visual Studio Version 17
VisualStudioVersion = 17.2.32516.85
MinimumVisualStudioVersion = 10.0.40219.1
Project("{FAE04EC0-301F-11D3-BF4B-00C04F79EFBC}") = "SignalRWeatherMessage", "SignalRWeatherMessage\SignalRWeatherMessage.csproj", "{586EA75D-3D98-4F37-8C0A-809776FE298E}"
EndProject
Global
	GlobalSection(SolutionConfigurationPlatforms) = preSolution
		Debug|Any CPU = Debug|Any CPU
		Release|Any CPU = Release|Any CPU
	EndGlobalSection
	GlobalSection(ProjectConfigurationPlatforms) = postSolution
		{586EA75D-3D98-4F37-8C0A-809776FE298E}.Debug|Any CPU.ActiveCfg = Debug|Any CPU
		{586EA75D-3D98-4F37-8C0A-809776FE298E}.Debug|Any CPU.Build.0 = Debug|Any CPU
		{586EA75D-3D98-4F37-8C0A-809776FE298E}.Release|Any CPU.ActiveCfg = Release|Any CPU
		{586EA75D-3D98-4F37-8C0A-809776FE298E}.Release|Any CPU.Build.0 = Release|Any CPU
	EndGlobalSection
	GlobalSection(SolutionProperties) = preSolution
		HideSolutionNode = FALSE
	EndGlobalSection
	GlobalSection(ExtensibilityGlobals) = postSolution
		SolutionGuid = {5D97C476-B89B-41DF-AF88-5338F2E9AE6C}
	EndGlobalSection
EndGlobal
